// !$*UTF8*$!
{
	archiveVersion = 1;
	classes = {
	};
	objectVersion = 56;
	objects = {

/* Begin PBXBuildFile section */
		81C8C5B228E40CF30069EFEF /* VideoManager.swift in Sources */ = {isa = PBXBuildFile; fileRef = 81C8C5B128E40CF30069EFEF /* VideoManager.swift */; };
		81C8C5B528E418610069EFEF /* VideoCard.swift in Sources */ = {isa = PBXBuildFile; fileRef = 81C8C5B428E418600069EFEF /* VideoCard.swift */; };
		81C8C5B728E420670069EFEF /* VideoData.json in Resources */ = {isa = PBXBuildFile; fileRef = 81C8C5B628E420670069EFEF /* VideoData.json */; };
		81C8C5B928E420B10069EFEF /* ModelData.swift in Sources */ = {isa = PBXBuildFile; fileRef = 81C8C5B828E420B10069EFEF /* ModelData.swift */; };
		81C8C5BB28E426B70069EFEF /* VideoView.swift in Sources */ = {isa = PBXBuildFile; fileRef = 81C8C5BA28E426B70069EFEF /* VideoView.swift */; };
		81D22A8228E3398100136285 /* VideosPlayerExampleApp.swift in Sources */ = {isa = PBXBuildFile; fileRef = 81D22A8128E3398100136285 /* VideosPlayerExampleApp.swift */; };
		81D22A8428E3398100136285 /* ContentView.swift in Sources */ = {isa = PBXBuildFile; fileRef = 81D22A8328E3398100136285 /* ContentView.swift */; };
		81D22A8628E3398200136285 /* Assets.xcassets in Resources */ = {isa = PBXBuildFile; fileRef = 81D22A8528E3398200136285 /* Assets.xcassets */; };
		81D22A8A28E3398200136285 /* Preview Assets.xcassets in Resources */ = {isa = PBXBuildFile; fileRef = 81D22A8928E3398200136285 /* Preview Assets.xcassets */; };
		81D22A9228E33B8700136285 /* QueryTag.swift in Sources */ = {isa = PBXBuildFile; fileRef = 81D22A9128E33B8700136285 /* QueryTag.swift */; };
/* End PBXBuildFile section */

/* Begin PBXFileReference section */
		81C8C5B128E40CF30069EFEF /* VideoManager.swift */ = {isa = PBXFileReference; lastKnownFileType = sourcecode.swift; path = VideoManager.swift; sourceTree = "<group>"; };
		81C8C5B428E418600069EFEF /* VideoCard.swift */ = {isa = PBXFileReference; lastKnownFileType = sourcecode.swift; path = VideoCard.swift; sourceTree = "<group>"; };
		81C8C5B628E420670069EFEF /* VideoData.json */ = {isa = PBXFileReference; lastKnownFileType = text.json; path = VideoData.json; sourceTree = "<group>"; };
		81C8C5B828E420B10069EFEF /* ModelData.swift */ = {isa = PBXFileReference; lastKnownFileType = sourcecode.swift; path = ModelData.swift; sourceTree = "<group>"; };
		81C8C5BA28E426B70069EFEF /* VideoView.swift */ = {isa = PBXFileReference; lastKnownFileType = sourcecode.swift; path = VideoView.swift; sourceTree = "<group>"; };
		81D22A7E28E3398100136285 /* VideosPlayerExample.app */ = {isa = PBXFileReference; explicitFileType = wrapper.application; includeInIndex = 0; path = VideosPlayerExample.app; sourceTree = BUILT_PRODUCTS_DIR; };
		81D22A8128E3398100136285 /* VideosPlayerExampleApp.swift */ = {isa = PBXFileReference; lastKnownFileType = sourcecode.swift; path = VideosPlayerExampleApp.swift; sourceTree = "<group>"; };
		81D22A8328E3398100136285 /* ContentView.swift */ = {isa = PBXFileReference; lastKnownFileType = sourcecode.swift; path = ContentView.swift; sourceTree = "<group>"; };
		81D22A8528E3398200136285 /* Assets.xcassets */ = {isa = PBXFileReference; lastKnownFileType = folder.assetcatalog; path = Assets.xcassets; sourceTree = "<group>"; };
		81D22A8728E3398200136285 /* VideosPlayerExample.entitlements */ = {isa = PBXFileReference; lastKnownFileType = text.plist.entitlements; path = VideosPlayerExample.entitlements; sourceTree = "<group>"; };
		81D22A8928E3398200136285 /* Preview Assets.xcassets */ = {isa = PBXFileReference; lastKnownFileType = folder.assetcatalog; path = "Preview Assets.xcassets"; sourceTree = "<group>"; };
		81D22A9128E33B8700136285 /* QueryTag.swift */ = {isa = PBXFileReference; lastKnownFileType = sourcecode.swift; path = QueryTag.swift; sourceTree = "<group>"; };
/* End PBXFileReference section */

/* Begin PBXFrameworksBuildPhase section */
		81D22A7B28E3398100136285 /* Frameworks */ = {
			isa = PBXFrameworksBuildPhase;
			buildActionMask = 2147483647;
			files = (
			);
			runOnlyForDeploymentPostprocessing = 0;
		};
/* End PBXFrameworksBuildPhase section */

/* Begin PBXGroup section */
		81C8C5B328E4168B0069EFEF /* Views */ = {
			isa = PBXGroup;
			children = (
				81D22A8328E3398100136285 /* ContentView.swift */,
				81C8C5BA28E426B70069EFEF /* VideoView.swift */,
			);
			path = Views;
			sourceTree = "<group>";
		};
		81D22A7528E3398100136285 = {
			isa = PBXGroup;
			children = (
				81D22A8028E3398100136285 /* VideosPlayerExample */,
				81D22A7F28E3398100136285 /* Products */,
			);
			sourceTree = "<group>";
		};
		81D22A7F28E3398100136285 /* Products */ = {
			isa = PBXGroup;
			children = (
				81D22A7E28E3398100136285 /* VideosPlayerExample.app */,
			);
			name = Products;
			sourceTree = "<group>";
		};
		81D22A8028E3398100136285 /* VideosPlayerExample */ = {
			isa = PBXGroup;
			children = (
				81D22A8128E3398100136285 /* VideosPlayerExampleApp.swift */,
				81C8C5B128E40CF30069EFEF /* VideoManager.swift */,
				81C8C5B328E4168B0069EFEF /* Views */,
				81D22A9028E33B2200136285 /* Components */,
				81D22A8528E3398200136285 /* Assets.xcassets */,
				81D22A8728E3398200136285 /* VideosPlayerExample.entitlements */,
				81D22A8828E3398200136285 /* Preview Content */,
			);
			path = VideosPlayerExample;
			sourceTree = "<group>";
		};
		81D22A8828E3398200136285 /* Preview Content */ = {
			isa = PBXGroup;
			children = (
				81C8C5B628E420670069EFEF /* VideoData.json */,
				81D22A8928E3398200136285 /* Preview Assets.xcassets */,
				81C8C5B828E420B10069EFEF /* ModelData.swift */,
			);
			path = "Preview Content";
			sourceTree = "<group>";
		};
		81D22A9028E33B2200136285 /* Components */ = {
			isa = PBXGroup;
			children = (
				81D22A9128E33B8700136285 /* QueryTag.swift */,
				81C8C5B428E418600069EFEF /* VideoCard.swift */,
			);
			path = Components;
			sourceTree = "<group>";
		};
/* End PBXGroup section */

/* Begin PBXNativeTarget section */
		81D22A7D28E3398100136285 /* VideosPlayerExample */ = {
			isa = PBXNativeTarget;
			buildConfigurationList = 81D22A8D28E3398200136285 /* Build configuration list for PBXNativeTarget "VideosPlayerExample" */;
			buildPhases = (
				81D22A7A28E3398100136285 /* Sources */,
				81D22A7B28E3398100136285 /* Frameworks */,
				81D22A7C28E3398100136285 /* Resources */,
			);
			buildRules = (
			);
			dependencies = (
			);
			name = VideosPlayerExample;
			productName = VideosPlayerExample;
			productReference = 81D22A7E28E3398100136285 /* VideosPlayerExample.app */;
			productType = "com.apple.product-type.application";
		};
/* End PBXNativeTarget section */

/* Begin PBXProject section */
		81D22A7628E3398100136285 /* Project object */ = {
			isa = PBXProject;
			attributes = {
				BuildIndependentTargetsInParallel = 1;
				LastSwiftUpdateCheck = 1400;
				LastUpgradeCheck = 1400;
				TargetAttributes = {
					81D22A7D28E3398100136285 = {
						CreatedOnToolsVersion = 14.0;
					};
				};
			};
			buildConfigurationList = 81D22A7928E3398100136285 /* Build configuration list for PBXProject "VideosPlayerExample" */;
			compatibilityVersion = "Xcode 14.0";
			developmentRegion = en;
			hasScannedForEncodings = 0;
			knownRegions = (
				en,
				Base,
			);
			mainGroup = 81D22A7528E3398100136285;
			productRefGroup = 81D22A7F28E3398100136285 /* Products */;
			projectDirPath = "";
			projectRoot = "";
			targets = (
				81D22A7D28E3398100136285 /* VideosPlayerExample */,
			);
		};
/* End PBXProject section */

/* Begin PBXResourcesBuildPhase section */
		81D22A7C28E3398100136285 /* Resources */ = {
			isa = PBXResourcesBuildPhase;
			buildActionMask = 2147483647;
			files = (
				81C8C5B728E420670069EFEF /* VideoData.json in Resources */,
				81D22A8A28E3398200136285 /* Preview Assets.xcassets in Resources */,
				81D22A8628E3398200136285 /* Assets.xcassets in Resources */,
			);
			runOnlyForDeploymentPostprocessing = 0;
		};
/* End PBXResourcesBuildPhase section */

/* Begin PBXSourcesBuildPhase section */
		81D22A7A28E3398100136285 /* Sources */ = {
			isa = PBXSourcesBuildPhase;
			buildActionMask = 2147483647;
			files = (
				81D22A8428E3398100136285 /* ContentView.swift in Sources */,
				81C8C5BB28E426B70069EFEF /* VideoView.swift in Sources */,
				81C8C5B528E418610069EFEF /* VideoCard.swift in Sources */,
				81D22A9228E33B8700136285 /* QueryTag.swift in Sources */,
				81D22A8228E3398100136285 /* VideosPlayerExampleApp.swift in Sources */,
				81C8C5B228E40CF30069EFEF /* VideoManager.swift in Sources */,
				81C8C5B928E420B10069EFEF /* ModelData.swift in Sources */,
			);
			runOnlyForDeploymentPostprocessing = 0;
		};
/* End PBXSourcesBuildPhase section */

/* Begin XCBuildConfiguration section */
		81D22A8B28E3398200136285 /* Debug */ = {
			isa = XCBuildConfiguration;
			buildSettings = {
				ALWAYS_SEARCH_USER_PATHS = NO;
				CLANG_ANALYZER_NONNULL = YES;
				CLANG_ANALYZER_NUMBER_OBJECT_CONVERSION = YES_AGGRESSIVE;
				CLANG_CXX_LANGUAGE_STANDARD = "gnu++20";
				CLANG_ENABLE_MODULES = YES;
				CLANG_ENABLE_OBJC_ARC = YES;
				CLANG_ENABLE_OBJC_WEAK = YES;
				CLANG_WARN_BLOCK_CAPTURE_AUTORELEASING = YES;
				CLANG_WARN_BOOL_CONVERSION = YES;
				CLANG_WARN_COMMA = YES;
				CLANG_WARN_CONSTANT_CONVERSION = YES;
				CLANG_WARN_DEPRECATED_OBJC_IMPLEMENTATIONS = YES;
				CLANG_WARN_DIRECT_OBJC_ISA_USAGE = YES_ERROR;
				CLANG_WARN_DOCUMENTATION_COMMENTS = YES;
				CLANG_WARN_EMPTY_BODY = YES;
				CLANG_WARN_ENUM_CONVERSION = YES;
				CLANG_WARN_INFINITE_RECURSION = YES;
				CLANG_WARN_INT_CONVERSION = YES;
				CLANG_WARN_NON_LITERAL_NULL_CONVERSION = YES;
				CLANG_WARN_OBJC_IMPLICIT_RETAIN_SELF = YES;
				CLANG_WARN_OBJC_LITERAL_CONVERSION = YES;
				CLANG_WARN_OBJC_ROOT_CLASS = YES_ERROR;
				CLANG_WARN_QUOTED_INCLUDE_IN_FRAMEWORK_HEADER = YES;
				CLANG_WARN_RANGE_LOOP_ANALYSIS = YES;
				CLANG_WARN_STRICT_PROTOTYPES = YES;
				CLANG_WARN_SUSPICIOUS_MOVE = YES;
				CLANG_WARN_UNGUARDED_AVAILABILITY = YES_AGGRESSIVE;
				CLANG_WARN_UNREACHABLE_CODE = YES;
				CLANG_WARN__DUPLICATE_METHOD_MATCH = YES;
				COPY_PHASE_STRIP = NO;
				DEBUG_INFORMATION_FORMAT = dwarf;
				ENABLE_STRICT_OBJC_MSGSEND = YES;
				ENABLE_TESTABILITY = YES;
				GCC_C_LANGUAGE_STANDARD = gnu11;
				GCC_DYNAMIC_NO_PIC = NO;
				GCC_NO_COMMON_BLOCKS = YES;
				GCC_OPTIMIZATION_LEVEL = 0;
				GCC_PREPROCESSOR_DEFINITIONS = (
					"DEBUG=1",
					"$(inherited)",
				);
				GCC_WARN_64_TO_32_BIT_CONVERSION = YES;
				GCC_WARN_ABOUT_RETURN_TYPE = YES_ERROR;
				GCC_WARN_UNDECLARED_SELECTOR = YES;
				GCC_WARN_UNINITIALIZED_AUTOS = YES_AGGRESSIVE;
				GCC_WARN_UNUSED_FUNCTION = YES;
				GCC_WARN_UNUSED_VARIABLE = YES;
				MTL_ENABLE_DEBUG_INFO = INCLUDE_SOURCE;
				MTL_FAST_MATH = YES;
				ONLY_ACTIVE_ARCH = YES;
				SWIFT_ACTIVE_COMPILATION_CONDITIONS = DEBUG;
				SWIFT_OPTIMIZATION_LEVEL = "-Onone";
			};
			name = Debug;
		};
		81D22A8C28E3398200136285 /* Release */ = {
			isa = XCBuildConfiguration;
			buildSettings = {
				ALWAYS_SEARCH_USER_PATHS = NO;
				CLANG_ANALYZER_NONNULL = YES;
				CLANG_ANALYZER_NUMBER_OBJECT_CONVERSION = YES_AGGRESSIVE;
				CLANG_CXX_LANGUAGE_STANDARD = "gnu++20";
				CLANG_ENABLE_MODULES = YES;
				CLANG_ENABLE_OBJC_ARC = YES;
				CLANG_ENABLE_OBJC_WEAK = YES;
				CLANG_WARN_BLOCK_CAPTURE_AUTORELEASING = YES;
				CLANG_WARN_BOOL_CONVERSION = YES;
				CLANG_WARN_COMMA = YES;
				CLANG_WARN_CONSTANT_CONVERSION = YES;
				CLANG_WARN_DEPRECATED_OBJC_IMPLEMENTATIONS = YES;
				CLANG_WARN_DIRECT_OBJC_ISA_USAGE = YES_ERROR;
				CLANG_WARN_DOCUMENTATION_COMMENTS = YES;
				CLANG_WARN_EMPTY_BODY = YES;
				CLANG_WARN_ENUM_CONVERSION = YES;
				CLANG_WARN_INFINITE_RECURSION = YES;
				CLANG_WARN_INT_CONVERSION = YES;
				CLANG_WARN_NON_LITERAL_NULL_CONVERSION = YES;
				CLANG_WARN_OBJC_IMPLICIT_RETAIN_SELF = YES;
				CLANG_WARN_OBJC_LITERAL_CONVERSION = YES;
				CLANG_WARN_OBJC_ROOT_CLASS = YES_ERROR;
				CLANG_WARN_QUOTED_INCLUDE_IN_FRAMEWORK_HEADER = YES;
				CLANG_WARN_RANGE_LOOP_ANALYSIS = YES;
				CLANG_WARN_STRICT_PROTOTYPES = YES;
				CLANG_WARN_SUSPICIOUS_MOVE = YES;
				CLANG_WARN_UNGUARDED_AVAILABILITY = YES_AGGRESSIVE;
				CLANG_WARN_UNREACHABLE_CODE = YES;
				CLANG_WARN__DUPLICATE_METHOD_MATCH = YES;
				COPY_PHASE_STRIP = NO;
				DEBUG_INFORMATION_FORMAT = "dwarf-with-dsym";
				ENABLE_NS_ASSERTIONS = NO;
				ENABLE_STRICT_OBJC_MSGSEND = YES;
				GCC_C_LANGUAGE_STANDARD = gnu11;
				GCC_NO_COMMON_BLOCKS = YES;
				GCC_WARN_64_TO_32_BIT_CONVERSION = YES;
				GCC_WARN_ABOUT_RETURN_TYPE = YES_ERROR;
				GCC_WARN_UNDECLARED_SELECTOR = YES;
				GCC_WARN_UNINITIALIZED_AUTOS = YES_AGGRESSIVE;
				GCC_WARN_UNUSED_FUNCTION = YES;
				GCC_WARN_UNUSED_VARIABLE = YES;
				MTL_ENABLE_DEBUG_INFO = NO;
				MTL_FAST_MATH = YES;
				SWIFT_COMPILATION_MODE = wholemodule;
				SWIFT_OPTIMIZATION_LEVEL = "-O";
			};
			name = Release;
		};
		81D22A8E28E3398200136285 /* Debug */ = {
			isa = XCBuildConfiguration;
			buildSettings = {
				ASSETCATALOG_COMPILER_APPICON_NAME = AppIcon;
				ASSETCATALOG_COMPILER_GLOBAL_ACCENT_COLOR_NAME = AccentColor;
				CODE_SIGN_ENTITLEMENTS = VideosPlayerExample/VideosPlayerExample.entitlements;
				CODE_SIGN_STYLE = Automatic;
				CURRENT_PROJECT_VERSION = 1;
				DEVELOPMENT_ASSET_PATHS = "\"VideosPlayerExample/Preview Content\"";
				DEVELOPMENT_TEAM = XPG2D5TZ67;
				ENABLE_HARDENED_RUNTIME = YES;
				ENABLE_PREVIEWS = YES;
				GENERATE_INFOPLIST_FILE = YES;
				"INFOPLIST_KEY_UIApplicationSceneManifest_Generation[sdk=iphoneos*]" = YES;
				"INFOPLIST_KEY_UIApplicationSceneManifest_Generation[sdk=iphonesimulator*]" = YES;
				"INFOPLIST_KEY_UIApplicationSupportsIndirectInputEvents[sdk=iphoneos*]" = YES;
				"INFOPLIST_KEY_UIApplicationSupportsIndirectInputEvents[sdk=iphonesimulator*]" = YES;
				"INFOPLIST_KEY_UILaunchScreen_Generation[sdk=iphoneos*]" = YES;
				"INFOPLIST_KEY_UILaunchScreen_Generation[sdk=iphonesimulator*]" = YES;
				"INFOPLIST_KEY_UIStatusBarStyle[sdk=iphoneos*]" = UIStatusBarStyleDefault;
				"INFOPLIST_KEY_UIStatusBarStyle[sdk=iphonesimulator*]" = UIStatusBarStyleDefault;
				INFOPLIST_KEY_UISupportedInterfaceOrientations_iPad = "UIInterfaceOrientationPortrait UIInterfaceOrientationPortraitUpsideDown UIInterfaceOrientationLandscapeLeft UIInterfaceOrientationLandscapeRight";
				INFOPLIST_KEY_UISupportedInterfaceOrientations_iPhone = "UIInterfaceOrientationPortrait UIInterfaceOrientationLandscapeLeft UIInterfaceOrientationLandscapeRight";
				IPHONEOS_DEPLOYMENT_TARGET = 16.0;
				LD_RUNPATH_SEARCH_PATHS = "@executable_path/Frameworks";
				"LD_RUNPATH_SEARCH_PATHS[sdk=macosx*]" = "@executable_path/../Frameworks";
				MACOSX_DEPLOYMENT_TARGET = 12.3;
				MARKETING_VERSION = 1.0;
				PRODUCT_BUNDLE_IDENTIFIER = com.kashif.VideosPlayerExample;
				PRODUCT_NAME = "$(TARGET_NAME)";
				SDKROOT = auto;
				SUPPORTED_PLATFORMS = "iphoneos iphonesimulator macosx";
				SWIFT_EMIT_LOC_STRINGS = YES;
				SWIFT_VERSION = 5.0;
				TARGETED_DEVICE_FAMILY = "1,2";
			};
			name = Debug;
		};
		81D22A8F28E3398200136285 /* Release */ = {
			isa = XCBuildConfiguration;
			buildSettings = {
				ASSETCATALOG_COMPILER_APPICON_NAME = AppIcon;
				ASSETCATALOG_COMPILER_GLOBAL_ACCENT_COLOR_NAME = AccentColor;
				CODE_SIGN_ENTITLEMENTS = VideosPlayerExample/VideosPlayerExample.entitlements;
				CODE_SIGN_STYLE = Automatic;
				CURRENT_PROJECT_VERSION = 1;
				DEVELOPMENT_ASSET_PATHS = "\"VideosPlayerExample/Preview Content\"";
				DEVELOPMENT_TEAM = XPG2D5TZ67;
				ENABLE_HARDENED_RUNTIME = YES;
				ENABLE_PREVIEWS = YES;
				GENERATE_INFOPLIST_FILE = YES;
				"INFOPLIST_KEY_UIApplicationSceneManifest_Generation[sdk=iphoneos*]" = YES;
				"INFOPLIST_KEY_UIApplicationSceneManifest_Generation[sdk=iphonesimulator*]" = YES;
				"INFOPLIST_KEY_UIApplicationSupportsIndirectInputEvents[sdk=iphoneos*]" = YES;
				"INFOPLIST_KEY_UIApplicationSupportsIndirectInputEvents[sdk=iphonesimulator*]" = YES;
				"INFOPLIST_KEY_UILaunchScreen_Generation[sdk=iphoneos*]" = YES;
				"INFOPLIST_KEY_UILaunchScreen_Generation[sdk=iphonesimulator*]" = YES;
				"INFOPLIST_KEY_UIStatusBarStyle[sdk=iphoneos*]" = UIStatusBarStyleDefault;
				"INFOPLIST_KEY_UIStatusBarStyle[sdk=iphonesimulator*]" = UIStatusBarStyleDefault;
				INFOPLIST_KEY_UISupportedInterfaceOrientations_iPad = "UIInterfaceOrientationPortrait UIInterfaceOrientationPortraitUpsideDown UIInterfaceOrientationLandscapeLeft UIInterfaceOrientationLandscapeRight";
				INFOPLIST_KEY_UISupportedInterfaceOrientations_iPhone = "UIInterfaceOrientationPortrait UIInterfaceOrientationLandscapeLeft UIInterfaceOrientationLandscapeRight";
				IPHONEOS_DEPLOYMENT_TARGET = 16.0;
				LD_RUNPATH_SEARCH_PATHS = "@executable_path/Frameworks";
				"LD_RUNPATH_SEARCH_PATHS[sdk=macosx*]" = "@executable_path/../Frameworks";
				MACOSX_DEPLOYMENT_TARGET = 12.3;
				MARKETING_VERSION = 1.0;
				PRODUCT_BUNDLE_IDENTIFIER = com.kashif.VideosPlayerExample;
				PRODUCT_NAME = "$(TARGET_NAME)";
				SDKROOT = auto;
				SUPPORTED_PLATFORMS = "iphoneos iphonesimulator macosx";
				SWIFT_EMIT_LOC_STRINGS = YES;
				SWIFT_VERSION = 5.0;
				TARGETED_DEVICE_FAMILY = "1,2";
			};
			name = Release;
		};
/* End XCBuildConfiguration section */

/* Begin XCConfigurationList section */
		81D22A7928E3398100136285 /* Build configuration list for PBXProject "VideosPlayerExample" */ = {
			isa = XCConfigurationList;
			buildConfigurations = (
				81D22A8B28E3398200136285 /* Debug */,
				81D22A8C28E3398200136285 /* Release */,
			);
			defaultConfigurationIsVisible = 0;
			defaultConfigurationName = Release;
		};
		81D22A8D28E3398200136285 /* Build configuration list for PBXNativeTarget "VideosPlayerExample" */ = {
			isa = XCConfigurationList;
			buildConfigurations = (
				81D22A8E28E3398200136285 /* Debug */,
				81D22A8F28E3398200136285 /* Release */,
			);
			defaultConfigurationIsVisible = 0;
			defaultConfigurationName = Release;
		};
/* End XCConfigurationList section */
	};
	rootObject = 81D22A7628E3398100136285 /* Project object */;
}
