// !$*UTF8*$!
{
	archiveVersion = 1;
	classes = {
	};
	objectVersion = 56;
	objects = {

/* Begin PBXBuildFile section */
		81C8C5C928E5ACBD0069EFEF /* ToDoListApp.swift in Sources */ = {isa = PBXBuildFile; fileRef = 81C8C5C828E5ACBD0069EFEF /* ToDoListApp.swift */; };
		81C8C5CB28E5ACBD0069EFEF /* ContentView.swift in Sources */ = {isa = PBXBuildFile; fileRef = 81C8C5CA28E5ACBD0069EFEF /* ContentView.swift */; };
		81C8C5CD28E5ACBF0069EFEF /* Assets.xcassets in Resources */ = {isa = PBXBuildFile; fileRef = 81C8C5CC28E5ACBF0069EFEF /* Assets.xcassets */; };
		81C8C5D128E5ACBF0069EFEF /* Preview Assets.xcassets in Resources */ = {isa = PBXBuildFile; fileRef = 81C8C5D028E5ACBF0069EFEF /* Preview Assets.xcassets */; };
		81C8C5D828E7CB470069EFEF /* TasksView.swift in Sources */ = {isa = PBXBuildFile; fileRef = 81C8C5D728E7CB470069EFEF /* TasksView.swift */; };
		81C8C5DC28E7CF500069EFEF /* TaskRow.swift in Sources */ = {isa = PBXBuildFile; fileRef = 81C8C5DB28E7CF500069EFEF /* TaskRow.swift */; };
		81C8C5DE28E7D7090069EFEF /* AddTaskView.swift in Sources */ = {isa = PBXBuildFile; fileRef = 81C8C5DD28E7D7090069EFEF /* AddTaskView.swift */; };
		81C8C5E028E7DCE30069EFEF /* SmallAddButtton.swift in Sources */ = {isa = PBXBuildFile; fileRef = 81C8C5DF28E7DCE30069EFEF /* SmallAddButtton.swift */; };
		81C8C5E328E7F7AA0069EFEF /* Realm in Frameworks */ = {isa = PBXBuildFile; productRef = 81C8C5E228E7F7AA0069EFEF /* Realm */; };
		81C8C5E528E7F7AA0069EFEF /* RealmSwift in Frameworks */ = {isa = PBXBuildFile; productRef = 81C8C5E428E7F7AA0069EFEF /* RealmSwift */; };
		81C8C5E728E7F8050069EFEF /* RealmManager.swift in Sources */ = {isa = PBXBuildFile; fileRef = 81C8C5E628E7F8040069EFEF /* RealmManager.swift */; };
		81C8C5E928E7FD050069EFEF /* Task.swift in Sources */ = {isa = PBXBuildFile; fileRef = 81C8C5E828E7FD050069EFEF /* Task.swift */; };
/* End PBXBuildFile section */

/* Begin PBXFileReference section */
		81C8C5C528E5ACBD0069EFEF /* ToDoList.app */ = {isa = PBXFileReference; explicitFileType = wrapper.application; includeInIndex = 0; path = ToDoList.app; sourceTree = BUILT_PRODUCTS_DIR; };
		81C8C5C828E5ACBD0069EFEF /* ToDoListApp.swift */ = {isa = PBXFileReference; lastKnownFileType = sourcecode.swift; path = ToDoListApp.swift; sourceTree = "<group>"; };
		81C8C5CA28E5ACBD0069EFEF /* ContentView.swift */ = {isa = PBXFileReference; lastKnownFileType = sourcecode.swift; path = ContentView.swift; sourceTree = "<group>"; };
		81C8C5CC28E5ACBF0069EFEF /* Assets.xcassets */ = {isa = PBXFileReference; lastKnownFileType = folder.assetcatalog; path = Assets.xcassets; sourceTree = "<group>"; };
		81C8C5CE28E5ACBF0069EFEF /* ToDoList.entitlements */ = {isa = PBXFileReference; lastKnownFileType = text.plist.entitlements; path = ToDoList.entitlements; sourceTree = "<group>"; };
		81C8C5D028E5ACBF0069EFEF /* Preview Assets.xcassets */ = {isa = PBXFileReference; lastKnownFileType = folder.assetcatalog; path = "Preview Assets.xcassets"; sourceTree = "<group>"; };
		81C8C5D728E7CB470069EFEF /* TasksView.swift */ = {isa = PBXFileReference; lastKnownFileType = sourcecode.swift; path = TasksView.swift; sourceTree = "<group>"; };
		81C8C5DB28E7CF500069EFEF /* TaskRow.swift */ = {isa = PBXFileReference; lastKnownFileType = sourcecode.swift; path = TaskRow.swift; sourceTree = "<group>"; };
		81C8C5DD28E7D7090069EFEF /* AddTaskView.swift */ = {isa = PBXFileReference; lastKnownFileType = sourcecode.swift; path = AddTaskView.swift; sourceTree = "<group>"; };
		81C8C5DF28E7DCE30069EFEF /* SmallAddButtton.swift */ = {isa = PBXFileReference; lastKnownFileType = sourcecode.swift; path = SmallAddButtton.swift; sourceTree = "<group>"; };
		81C8C5E628E7F8040069EFEF /* RealmManager.swift */ = {isa = PBXFileReference; lastKnownFileType = sourcecode.swift; path = RealmManager.swift; sourceTree = "<group>"; };
		81C8C5E828E7FD050069EFEF /* Task.swift */ = {isa = PBXFileReference; lastKnownFileType = sourcecode.swift; path = Task.swift; sourceTree = "<group>"; };
/* End PBXFileReference section */

/* Begin PBXFrameworksBuildPhase section */
		81C8C5C228E5ACBD0069EFEF /* Frameworks */ = {
			isa = PBXFrameworksBuildPhase;
			buildActionMask = 2147483647;
			files = (
				81C8C5E528E7F7AA0069EFEF /* RealmSwift in Frameworks */,
				81C8C5E328E7F7AA0069EFEF /* Realm in Frameworks */,
			);
			runOnlyForDeploymentPostprocessing = 0;
		};
/* End PBXFrameworksBuildPhase section */

/* Begin PBXGroup section */
		81C8C5BC28E5ACBD0069EFEF = {
			isa = PBXGroup;
			children = (
				81C8C5C728E5ACBD0069EFEF /* ToDoList */,
				81C8C5C628E5ACBD0069EFEF /* Products */,
			);
			sourceTree = "<group>";
		};
		81C8C5C628E5ACBD0069EFEF /* Products */ = {
			isa = PBXGroup;
			children = (
				81C8C5C528E5ACBD0069EFEF /* ToDoList.app */,
			);
			name = Products;
			sourceTree = "<group>";
		};
		81C8C5C728E5ACBD0069EFEF /* ToDoList */ = {
			isa = PBXGroup;
			children = (
				81C8C5C828E5ACBD0069EFEF /* ToDoListApp.swift */,
				81C8C5D928E7CB550069EFEF /* Views */,
				81C8C5DA28E7CE770069EFEF /* Components */,
				81C8C5CC28E5ACBF0069EFEF /* Assets.xcassets */,
				81C8C5CE28E5ACBF0069EFEF /* ToDoList.entitlements */,
				81C8C5CF28E5ACBF0069EFEF /* Preview Content */,
				81C8C5E628E7F8040069EFEF /* RealmManager.swift */,
				81C8C5E828E7FD050069EFEF /* Task.swift */,
			);
			path = ToDoList;
			sourceTree = "<group>";
		};
		81C8C5CF28E5ACBF0069EFEF /* Preview Content */ = {
			isa = PBXGroup;
			children = (
				81C8C5D028E5ACBF0069EFEF /* Preview Assets.xcassets */,
			);
			path = "Preview Content";
			sourceTree = "<group>";
		};
		81C8C5D928E7CB550069EFEF /* Views */ = {
			isa = PBXGroup;
			children = (
				81C8C5D728E7CB470069EFEF /* TasksView.swift */,
				81C8C5CA28E5ACBD0069EFEF /* ContentView.swift */,
				81C8C5DD28E7D7090069EFEF /* AddTaskView.swift */,
			);
			path = Views;
			sourceTree = "<group>";
		};
		81C8C5DA28E7CE770069EFEF /* Components */ = {
			isa = PBXGroup;
			children = (
				81C8C5DB28E7CF500069EFEF /* TaskRow.swift */,
				81C8C5DF28E7DCE30069EFEF /* SmallAddButtton.swift */,
			);
			path = Components;
			sourceTree = "<group>";
		};
/* End PBXGroup section */

/* Begin PBXNativeTarget section */
		81C8C5C428E5ACBD0069EFEF /* ToDoList */ = {
			isa = PBXNativeTarget;
			buildConfigurationList = 81C8C5D428E5ACBF0069EFEF /* Build configuration list for PBXNativeTarget "ToDoList" */;
			buildPhases = (
				81C8C5C128E5ACBD0069EFEF /* Sources */,
				81C8C5C228E5ACBD0069EFEF /* Frameworks */,
				81C8C5C328E5ACBD0069EFEF /* Resources */,
			);
			buildRules = (
			);
			dependencies = (
			);
			name = ToDoList;
			packageProductDependencies = (
				81C8C5E228E7F7AA0069EFEF /* Realm */,
				81C8C5E428E7F7AA0069EFEF /* RealmSwift */,
			);
			productName = ToDoList;
			productReference = 81C8C5C528E5ACBD0069EFEF /* ToDoList.app */;
			productType = "com.apple.product-type.application";
		};
/* End PBXNativeTarget section */

/* Begin PBXProject section */
		81C8C5BD28E5ACBD0069EFEF /* Project object */ = {
			isa = PBXProject;
			attributes = {
				BuildIndependentTargetsInParallel = 1;
				LastSwiftUpdateCheck = 1400;
				LastUpgradeCheck = 1400;
				TargetAttributes = {
					81C8C5C428E5ACBD0069EFEF = {
						CreatedOnToolsVersion = 14.0.1;
					};
				};
			};
			buildConfigurationList = 81C8C5C028E5ACBD0069EFEF /* Build configuration list for PBXProject "ToDoList" */;
			compatibilityVersion = "Xcode 14.0";
			developmentRegion = en;
			hasScannedForEncodings = 0;
			knownRegions = (
				en,
				Base,
			);
			mainGroup = 81C8C5BC28E5ACBD0069EFEF;
			packageReferences = (
				81C8C5E128E7F7AA0069EFEF /* XCRemoteSwiftPackageReference "realm-cocoa" */,
			);
			productRefGroup = 81C8C5C628E5ACBD0069EFEF /* Products */;
			projectDirPath = "";
			projectRoot = "";
			targets = (
				81C8C5C428E5ACBD0069EFEF /* ToDoList */,
			);
		};
/* End PBXProject section */

/* Begin PBXResourcesBuildPhase section */
		81C8C5C328E5ACBD0069EFEF /* Resources */ = {
			isa = PBXResourcesBuildPhase;
			buildActionMask = 2147483647;
			files = (
				81C8C5D128E5ACBF0069EFEF /* Preview Assets.xcassets in Resources */,
				81C8C5CD28E5ACBF0069EFEF /* Assets.xcassets in Resources */,
			);
			runOnlyForDeploymentPostprocessing = 0;
		};
/* End PBXResourcesBuildPhase section */

/* Begin PBXSourcesBuildPhase section */
		81C8C5C128E5ACBD0069EFEF /* Sources */ = {
			isa = PBXSourcesBuildPhase;
			buildActionMask = 2147483647;
			files = (
				81C8C5E928E7FD050069EFEF /* Task.swift in Sources */,
				81C8C5E028E7DCE30069EFEF /* SmallAddButtton.swift in Sources */,
				81C8C5CB28E5ACBD0069EFEF /* ContentView.swift in Sources */,
				81C8C5DE28E7D7090069EFEF /* AddTaskView.swift in Sources */,
				81C8C5D828E7CB470069EFEF /* TasksView.swift in Sources */,
				81C8C5C928E5ACBD0069EFEF /* ToDoListApp.swift in Sources */,
				81C8C5E728E7F8050069EFEF /* RealmManager.swift in Sources */,
				81C8C5DC28E7CF500069EFEF /* TaskRow.swift in Sources */,
			);
			runOnlyForDeploymentPostprocessing = 0;
		};
/* End PBXSourcesBuildPhase section */

/* Begin XCBuildConfiguration section */
		81C8C5D228E5ACBF0069EFEF /* Debug */ = {
			isa = XCBuildConfiguration;
			buildSettings = {
				ALWAYS_SEARCH_USER_PATHS = NO;
				CLANG_ANALYZER_NONNULL = YES;
				CLANG_ANALYZER_NUMBER_OBJECT_CONVERSION = YES_AGGRESSIVE;
				CLANG_CXX_LANGUAGE_STANDARD = "gnu++20";
				CLANG_ENABLE_MODULES = YES;
				CLANG_ENABLE_OBJC_ARC = YES;
				CLANG_ENABLE_OBJC_WEAK = YES;
				CLANG_WARN_BLOCK_CAPTURE_AUTORELEASING = YES;
				CLANG_WARN_BOOL_CONVERSION = YES;
				CLANG_WARN_COMMA = YES;
				CLANG_WARN_CONSTANT_CONVERSION = YES;
				CLANG_WARN_DEPRECATED_OBJC_IMPLEMENTATIONS = YES;
				CLANG_WARN_DIRECT_OBJC_ISA_USAGE = YES_ERROR;
				CLANG_WARN_DOCUMENTATION_COMMENTS = YES;
				CLANG_WARN_EMPTY_BODY = YES;
				CLANG_WARN_ENUM_CONVERSION = YES;
				CLANG_WARN_INFINITE_RECURSION = YES;
				CLANG_WARN_INT_CONVERSION = YES;
				CLANG_WARN_NON_LITERAL_NULL_CONVERSION = YES;
				CLANG_WARN_OBJC_IMPLICIT_RETAIN_SELF = YES;
				CLANG_WARN_OBJC_LITERAL_CONVERSION = YES;
				CLANG_WARN_OBJC_ROOT_CLASS = YES_ERROR;
				CLANG_WARN_QUOTED_INCLUDE_IN_FRAMEWORK_HEADER = YES;
				CLANG_WARN_RANGE_LOOP_ANALYSIS = YES;
				CLANG_WARN_STRICT_PROTOTYPES = YES;
				CLANG_WARN_SUSPICIOUS_MOVE = YES;
				CLANG_WARN_UNGUARDED_AVAILABILITY = YES_AGGRESSIVE;
				CLANG_WARN_UNREACHABLE_CODE = YES;
				CLANG_WARN__DUPLICATE_METHOD_MATCH = YES;
				COPY_PHASE_STRIP = NO;
				DEBUG_INFORMATION_FORMAT = dwarf;
				ENABLE_STRICT_OBJC_MSGSEND = YES;
				ENABLE_TESTABILITY = YES;
				GCC_C_LANGUAGE_STANDARD = gnu11;
				GCC_DYNAMIC_NO_PIC = NO;
				GCC_NO_COMMON_BLOCKS = YES;
				GCC_OPTIMIZATION_LEVEL = 0;
				GCC_PREPROCESSOR_DEFINITIONS = (
					"DEBUG=1",
					"$(inherited)",
				);
				GCC_WARN_64_TO_32_BIT_CONVERSION = YES;
				GCC_WARN_ABOUT_RETURN_TYPE = YES_ERROR;
				GCC_WARN_UNDECLARED_SELECTOR = YES;
				GCC_WARN_UNINITIALIZED_AUTOS = YES_AGGRESSIVE;
				GCC_WARN_UNUSED_FUNCTION = YES;
				GCC_WARN_UNUSED_VARIABLE = YES;
				MTL_ENABLE_DEBUG_INFO = INCLUDE_SOURCE;
				MTL_FAST_MATH = YES;
				ONLY_ACTIVE_ARCH = YES;
				SWIFT_ACTIVE_COMPILATION_CONDITIONS = DEBUG;
				SWIFT_OPTIMIZATION_LEVEL = "-Onone";
			};
			name = Debug;
		};
		81C8C5D328E5ACBF0069EFEF /* Release */ = {
			isa = XCBuildConfiguration;
			buildSettings = {
				ALWAYS_SEARCH_USER_PATHS = NO;
				CLANG_ANALYZER_NONNULL = YES;
				CLANG_ANALYZER_NUMBER_OBJECT_CONVERSION = YES_AGGRESSIVE;
				CLANG_CXX_LANGUAGE_STANDARD = "gnu++20";
				CLANG_ENABLE_MODULES = YES;
				CLANG_ENABLE_OBJC_ARC = YES;
				CLANG_ENABLE_OBJC_WEAK = YES;
				CLANG_WARN_BLOCK_CAPTURE_AUTORELEASING = YES;
				CLANG_WARN_BOOL_CONVERSION = YES;
				CLANG_WARN_COMMA = YES;
				CLANG_WARN_CONSTANT_CONVERSION = YES;
				CLANG_WARN_DEPRECATED_OBJC_IMPLEMENTATIONS = YES;
				CLANG_WARN_DIRECT_OBJC_ISA_USAGE = YES_ERROR;
				CLANG_WARN_DOCUMENTATION_COMMENTS = YES;
				CLANG_WARN_EMPTY_BODY = YES;
				CLANG_WARN_ENUM_CONVERSION = YES;
				CLANG_WARN_INFINITE_RECURSION = YES;
				CLANG_WARN_INT_CONVERSION = YES;
				CLANG_WARN_NON_LITERAL_NULL_CONVERSION = YES;
				CLANG_WARN_OBJC_IMPLICIT_RETAIN_SELF = YES;
				CLANG_WARN_OBJC_LITERAL_CONVERSION = YES;
				CLANG_WARN_OBJC_ROOT_CLASS = YES_ERROR;
				CLANG_WARN_QUOTED_INCLUDE_IN_FRAMEWORK_HEADER = YES;
				CLANG_WARN_RANGE_LOOP_ANALYSIS = YES;
				CLANG_WARN_STRICT_PROTOTYPES = YES;
				CLANG_WARN_SUSPICIOUS_MOVE = YES;
				CLANG_WARN_UNGUARDED_AVAILABILITY = YES_AGGRESSIVE;
				CLANG_WARN_UNREACHABLE_CODE = YES;
				CLANG_WARN__DUPLICATE_METHOD_MATCH = YES;
				COPY_PHASE_STRIP = NO;
				DEBUG_INFORMATION_FORMAT = "dwarf-with-dsym";
				ENABLE_NS_ASSERTIONS = NO;
				ENABLE_STRICT_OBJC_MSGSEND = YES;
				GCC_C_LANGUAGE_STANDARD = gnu11;
				GCC_NO_COMMON_BLOCKS = YES;
				GCC_WARN_64_TO_32_BIT_CONVERSION = YES;
				GCC_WARN_ABOUT_RETURN_TYPE = YES_ERROR;
				GCC_WARN_UNDECLARED_SELECTOR = YES;
				GCC_WARN_UNINITIALIZED_AUTOS = YES_AGGRESSIVE;
				GCC_WARN_UNUSED_FUNCTION = YES;
				GCC_WARN_UNUSED_VARIABLE = YES;
				MTL_ENABLE_DEBUG_INFO = NO;
				MTL_FAST_MATH = YES;
				SWIFT_COMPILATION_MODE = wholemodule;
				SWIFT_OPTIMIZATION_LEVEL = "-O";
			};
			name = Release;
		};
		81C8C5D528E5ACBF0069EFEF /* Debug */ = {
			isa = XCBuildConfiguration;
			buildSettings = {
				ASSETCATALOG_COMPILER_APPICON_NAME = AppIcon;
				ASSETCATALOG_COMPILER_GLOBAL_ACCENT_COLOR_NAME = AccentColor;
				CODE_SIGN_ENTITLEMENTS = ToDoList/ToDoList.entitlements;
				CODE_SIGN_STYLE = Automatic;
				CURRENT_PROJECT_VERSION = 1;
				DEVELOPMENT_ASSET_PATHS = "\"ToDoList/Preview Content\"";
				DEVELOPMENT_TEAM = XPG2D5TZ67;
				ENABLE_HARDENED_RUNTIME = YES;
				ENABLE_PREVIEWS = YES;
				GENERATE_INFOPLIST_FILE = YES;
				"INFOPLIST_KEY_UIApplicationSceneManifest_Generation[sdk=iphoneos*]" = YES;
				"INFOPLIST_KEY_UIApplicationSceneManifest_Generation[sdk=iphonesimulator*]" = YES;
				"INFOPLIST_KEY_UIApplicationSupportsIndirectInputEvents[sdk=iphoneos*]" = YES;
				"INFOPLIST_KEY_UIApplicationSupportsIndirectInputEvents[sdk=iphonesimulator*]" = YES;
				"INFOPLIST_KEY_UILaunchScreen_Generation[sdk=iphoneos*]" = YES;
				"INFOPLIST_KEY_UILaunchScreen_Generation[sdk=iphonesimulator*]" = YES;
				"INFOPLIST_KEY_UIStatusBarStyle[sdk=iphoneos*]" = UIStatusBarStyleDefault;
				"INFOPLIST_KEY_UIStatusBarStyle[sdk=iphonesimulator*]" = UIStatusBarStyleDefault;
				INFOPLIST_KEY_UISupportedInterfaceOrientations_iPad = "UIInterfaceOrientationPortrait UIInterfaceOrientationPortraitUpsideDown UIInterfaceOrientationLandscapeLeft UIInterfaceOrientationLandscapeRight";
				INFOPLIST_KEY_UISupportedInterfaceOrientations_iPhone = "UIInterfaceOrientationPortrait UIInterfaceOrientationLandscapeLeft UIInterfaceOrientationLandscapeRight";
				IPHONEOS_DEPLOYMENT_TARGET = 16.0;
				LD_RUNPATH_SEARCH_PATHS = "@executable_path/Frameworks";
				"LD_RUNPATH_SEARCH_PATHS[sdk=macosx*]" = "@executable_path/../Frameworks";
				MACOSX_DEPLOYMENT_TARGET = 12.3;
				MARKETING_VERSION = 1.0;
				PRODUCT_BUNDLE_IDENTIFIER = com.kashif.ToDoList;
				PRODUCT_NAME = "$(TARGET_NAME)";
				SDKROOT = auto;
				SUPPORTED_PLATFORMS = "iphoneos iphonesimulator macosx";
				SWIFT_EMIT_LOC_STRINGS = YES;
				SWIFT_VERSION = 5.0;
				TARGETED_DEVICE_FAMILY = "1,2";
			};
			name = Debug;
		};
		81C8C5D628E5ACBF0069EFEF /* Release */ = {
			isa = XCBuildConfiguration;
			buildSettings = {
				ASSETCATALOG_COMPILER_APPICON_NAME = AppIcon;
				ASSETCATALOG_COMPILER_GLOBAL_ACCENT_COLOR_NAME = AccentColor;
				CODE_SIGN_ENTITLEMENTS = ToDoList/ToDoList.entitlements;
				CODE_SIGN_STYLE = Automatic;
				CURRENT_PROJECT_VERSION = 1;
				DEVELOPMENT_ASSET_PATHS = "\"ToDoList/Preview Content\"";
				DEVELOPMENT_TEAM = XPG2D5TZ67;
				ENABLE_HARDENED_RUNTIME = YES;
				ENABLE_PREVIEWS = YES;
				GENERATE_INFOPLIST_FILE = YES;
				"INFOPLIST_KEY_UIApplicationSceneManifest_Generation[sdk=iphoneos*]" = YES;
				"INFOPLIST_KEY_UIApplicationSceneManifest_Generation[sdk=iphonesimulator*]" = YES;
				"INFOPLIST_KEY_UIApplicationSupportsIndirectInputEvents[sdk=iphoneos*]" = YES;
				"INFOPLIST_KEY_UIApplicationSupportsIndirectInputEvents[sdk=iphonesimulator*]" = YES;
				"INFOPLIST_KEY_UILaunchScreen_Generation[sdk=iphoneos*]" = YES;
				"INFOPLIST_KEY_UILaunchScreen_Generation[sdk=iphonesimulator*]" = YES;
				"INFOPLIST_KEY_UIStatusBarStyle[sdk=iphoneos*]" = UIStatusBarStyleDefault;
				"INFOPLIST_KEY_UIStatusBarStyle[sdk=iphonesimulator*]" = UIStatusBarStyleDefault;
				INFOPLIST_KEY_UISupportedInterfaceOrientations_iPad = "UIInterfaceOrientationPortrait UIInterfaceOrientationPortraitUpsideDown UIInterfaceOrientationLandscapeLeft UIInterfaceOrientationLandscapeRight";
				INFOPLIST_KEY_UISupportedInterfaceOrientations_iPhone = "UIInterfaceOrientationPortrait UIInterfaceOrientationLandscapeLeft UIInterfaceOrientationLandscapeRight";
				IPHONEOS_DEPLOYMENT_TARGET = 16.0;
				LD_RUNPATH_SEARCH_PATHS = "@executable_path/Frameworks";
				"LD_RUNPATH_SEARCH_PATHS[sdk=macosx*]" = "@executable_path/../Frameworks";
				MACOSX_DEPLOYMENT_TARGET = 12.3;
				MARKETING_VERSION = 1.0;
				PRODUCT_BUNDLE_IDENTIFIER = com.kashif.ToDoList;
				PRODUCT_NAME = "$(TARGET_NAME)";
				SDKROOT = auto;
				SUPPORTED_PLATFORMS = "iphoneos iphonesimulator macosx";
				SWIFT_EMIT_LOC_STRINGS = YES;
				SWIFT_VERSION = 5.0;
				TARGETED_DEVICE_FAMILY = "1,2";
			};
			name = Release;
		};
/* End XCBuildConfiguration section */

/* Begin XCConfigurationList section */
		81C8C5C028E5ACBD0069EFEF /* Build configuration list for PBXProject "ToDoList" */ = {
			isa = XCConfigurationList;
			buildConfigurations = (
				81C8C5D228E5ACBF0069EFEF /* Debug */,
				81C8C5D328E5ACBF0069EFEF /* Release */,
			);
			defaultConfigurationIsVisible = 0;
			defaultConfigurationName = Release;
		};
		81C8C5D428E5ACBF0069EFEF /* Build configuration list for PBXNativeTarget "ToDoList" */ = {
			isa = XCConfigurationList;
			buildConfigurations = (
				81C8C5D528E5ACBF0069EFEF /* Debug */,
				81C8C5D628E5ACBF0069EFEF /* Release */,
			);
			defaultConfigurationIsVisible = 0;
			defaultConfigurationName = Release;
		};
/* End XCConfigurationList section */

/* Begin XCRemoteSwiftPackageReference section */
		81C8C5E128E7F7AA0069EFEF /* XCRemoteSwiftPackageReference "realm-cocoa" */ = {
			isa = XCRemoteSwiftPackageReference;
			repositoryURL = "https://github.com/realm/realm-cocoa.git";
			requirement = {
				kind = upToNextMajorVersion;
				minimumVersion = 10.10.0;
			};
		};
/* End XCRemoteSwiftPackageReference section */

/* Begin XCSwiftPackageProductDependency section */
		81C8C5E228E7F7AA0069EFEF /* Realm */ = {
			isa = XCSwiftPackageProductDependency;
			package = 81C8C5E128E7F7AA0069EFEF /* XCRemoteSwiftPackageReference "realm-cocoa" */;
			productName = Realm;
		};
		81C8C5E428E7F7AA0069EFEF /* RealmSwift */ = {
			isa = XCSwiftPackageProductDependency;
			package = 81C8C5E128E7F7AA0069EFEF /* XCRemoteSwiftPackageReference "realm-cocoa" */;
			productName = RealmSwift;
		};
/* End XCSwiftPackageProductDependency section */
	};
	rootObject = 81C8C5BD28E5ACBD0069EFEF /* Project object */;
}
